
Microsoft Visual Studio Solution File, Format Version 12.00
# Visual Studio Version 17
VisualStudioVersion = 17.8.34330.188
MinimumVisualStudioVersion = 10.0.40219.1
Project("{FAE04EC0-301F-11D3-BF4B-00C04F79EFBC}") = "Sistema de Venda SEm Base de Dados", "Sistema de Venda SEm Base de Dados\Sistema de Venda SEm Base de Dados.csproj", "{1D0EAF75-2D3E-4BBD-A0AD-33FB5D943D49}"
EndProject
Global
	GlobalSection(SolutionConfigurationPlatforms) = preSolution
		Debug|Any CPU = Debug|Any CPU
		Release|Any CPU = Release|Any CPU
	EndGlobalSection
	GlobalSection(ProjectConfigurationPlatforms) = postSolution
		{1D0EAF75-2D3E-4BBD-A0AD-33FB5D943D49}.Debug|Any CPU.ActiveCfg = Debug|Any CPU
		{1D0EAF75-2D3E-4BBD-A0AD-33FB5D943D49}.Debug|Any CPU.Build.0 = Debug|Any CPU
		{1D0EAF75-2D3E-4BBD-A0AD-33FB5D943D49}.Release|Any CPU.ActiveCfg = Release|Any CPU
		{1D0EAF75-2D3E-4BBD-A0AD-33FB5D943D49}.Release|Any CPU.Build.0 = Release|Any CPU
	EndGlobalSection
	GlobalSection(SolutionProperties) = preSolution
		HideSolutionNode = FALSE
	EndGlobalSection
	GlobalSection(ExtensibilityGlobals) = postSolution
		SolutionGuid = {93B59166-6BF3-4AB5-950C-B66AD8C07464}
	EndGlobalSection
EndGlobal
