
Microsoft Visual Studio Solution File, Format Version 12.00
# Visual Studio Version 17
VisualStudioVersion = 17.8.34330.188
MinimumVisualStudioVersion = 10.0.40219.1
Project("{FAE04EC0-301F-11D3-BF4B-00C04F79EFBC}") = "Ex02", "Ex02\Ex02.csproj", "{96EC98FA-D246-489C-8C4B-A230AE148B15}"
EndProject
Global
	GlobalSection(SolutionConfigurationPlatforms) = preSolution
		Debug|Any CPU = Debug|Any CPU
		Release|Any CPU = Release|Any CPU
	EndGlobalSection
	GlobalSection(ProjectConfigurationPlatforms) = postSolution
		{96EC98FA-D246-489C-8C4B-A230AE148B15}.Debug|Any CPU.ActiveCfg = Debug|Any CPU
		{96EC98FA-D246-489C-8C4B-A230AE148B15}.Debug|Any CPU.Build.0 = Debug|Any CPU
		{96EC98FA-D246-489C-8C4B-A230AE148B15}.Release|Any CPU.ActiveCfg = Release|Any CPU
		{96EC98FA-D246-489C-8C4B-A230AE148B15}.Release|Any CPU.Build.0 = Release|Any CPU
	EndGlobalSection
	GlobalSection(SolutionProperties) = preSolution
		HideSolutionNode = FALSE
	EndGlobalSection
	GlobalSection(ExtensibilityGlobals) = postSolution
		SolutionGuid = {5ED30719-F1F0-48EF-9D66-844BC1EF4E1B}
	EndGlobalSection
EndGlobal
